{
  "originHash" : "aa06efe37275abd6438671b417fdbfa3115eec114a1fb74b7bd5fa51ef9d1ba0",
  "pins" : [
    {
      "identity" : "swiftfulhaptics",
      "kind" : "remoteSourceControl",
      "location" : "https://github.com/SwiftfulThinking/SwiftfulHaptics.git",
      "state" : {
        "revision" : "01423381c8c9ddba7857d4659d01cf4e87a19e13",
        "version" : "2.0.0"
      }
    }
  ],
  "version" : 3
}
