{
  "originHash" : "aa06efe37275abd6438671b417fdbfa3115eec114a1fb74b7bd5fa51ef9d1ba0",
  "pins" : [
    {
      "identity" : "swiftfulhaptics",
      "kind" : "remoteSourceControl",
      "location" : "https://github.com/SwiftfulThinking/SwiftfulHaptics.git",
      "state" : {
        "revision" : "87a24c77629221e761ea90bf3d837362bdb5773a",
        "version" : "2.0.1"
      }
    }
  ],
  "version" : 3
}
