// !$*UTF8*$!
{
	archiveVersion = 1;
	classes = {
	};
	objectVersion = 56;
	objects = {

/* Begin PBXBuildFile section */
		02349F452BFA659F003BB2B7 /* SwiftfulHapticsExampleApp.swift in Sources */ = {isa = PBXBuildFile; fileRef = 02349F442BFA659F003BB2B7 /* SwiftfulHapticsExampleApp.swift */; };
		02349F472BFA659F003BB2B7 /* ContentView.swift in Sources */ = {isa = PBXBuildFile; fileRef = 02349F462BFA659F003BB2B7 /* ContentView.swift */; };
		02349F492BFA65A0003BB2B7 /* Assets.xcassets in Resources */ = {isa = PBXBuildFile; fileRef = 02349F482BFA65A0003BB2B7 /* Assets.xcassets */; };
		02349F4D2BFA65A0003BB2B7 /* Preview Assets.xcassets in Resources */ = {isa = PBXBuildFile; fileRef = 02349F4C2BFA65A0003BB2B7 /* Preview Assets.xcassets */; };
		02349F572BFA65A0003BB2B7 /* SwiftfulHapticsExampleTests.swift in Sources */ = {isa = PBXBuildFile; fileRef = 02349F562BFA65A0003BB2B7 /* SwiftfulHapticsExampleTests.swift */; };
		02349F612BFA65A0003BB2B7 /* SwiftfulHapticsExampleUITests.swift in Sources */ = {isa = PBXBuildFile; fileRef = 02349F602BFA65A0003BB2B7 /* SwiftfulHapticsExampleUITests.swift */; };
		02349F632BFA65A0003BB2B7 /* SwiftfulHapticsExampleUITestsLaunchTests.swift in Sources */ = {isa = PBXBuildFile; fileRef = 02349F622BFA65A0003BB2B7 /* SwiftfulHapticsExampleUITestsLaunchTests.swift */; };
		02349F752BFC2C12003BB2B7 /* SwiftfulHaptics in Frameworks */ = {isa = PBXBuildFile; productRef = 02349F742BFC2C12003BB2B7 /* SwiftfulHaptics */; };
/* End PBXBuildFile section */

/* Begin PBXContainerItemProxy section */
		02349F532BFA65A0003BB2B7 /* PBXContainerItemProxy */ = {
			isa = PBXContainerItemProxy;
			containerPortal = 02349F392BFA659F003BB2B7 /* Project object */;
			proxyType = 1;
			remoteGlobalIDString = 02349F402BFA659F003BB2B7;
			remoteInfo = SwiftfulHapticsExample;
		};
		02349F5D2BFA65A0003BB2B7 /* PBXContainerItemProxy */ = {
			isa = PBXContainerItemProxy;
			containerPortal = 02349F392BFA659F003BB2B7 /* Project object */;
			proxyType = 1;
			remoteGlobalIDString = 02349F402BFA659F003BB2B7;
			remoteInfo = SwiftfulHapticsExample;
		};
/* End PBXContainerItemProxy section */

/* Begin PBXFileReference section */
		02349F412BFA659F003BB2B7 /* SwiftfulHapticsExample.app */ = {isa = PBXFileReference; explicitFileType = wrapper.application; includeInIndex = 0; path = SwiftfulHapticsExample.app; sourceTree = BUILT_PRODUCTS_DIR; };
		02349F442BFA659F003BB2B7 /* SwiftfulHapticsExampleApp.swift */ = {isa = PBXFileReference; lastKnownFileType = sourcecode.swift; path = SwiftfulHapticsExampleApp.swift; sourceTree = "<group>"; };
		02349F462BFA659F003BB2B7 /* ContentView.swift */ = {isa = PBXFileReference; lastKnownFileType = sourcecode.swift; path = ContentView.swift; sourceTree = "<group>"; };
		02349F482BFA65A0003BB2B7 /* Assets.xcassets */ = {isa = PBXFileReference; lastKnownFileType = folder.assetcatalog; path = Assets.xcassets; sourceTree = "<group>"; };
		02349F4A2BFA65A0003BB2B7 /* SwiftfulHapticsExample.entitlements */ = {isa = PBXFileReference; lastKnownFileType = text.plist.entitlements; path = SwiftfulHapticsExample.entitlements; sourceTree = "<group>"; };
		02349F4C2BFA65A0003BB2B7 /* Preview Assets.xcassets */ = {isa = PBXFileReference; lastKnownFileType = folder.assetcatalog; path = "Preview Assets.xcassets"; sourceTree = "<group>"; };
		02349F522BFA65A0003BB2B7 /* SwiftfulHapticsExampleTests.xctest */ = {isa = PBXFileReference; explicitFileType = wrapper.cfbundle; includeInIndex = 0; path = SwiftfulHapticsExampleTests.xctest; sourceTree = BUILT_PRODUCTS_DIR; };
		02349F562BFA65A0003BB2B7 /* SwiftfulHapticsExampleTests.swift */ = {isa = PBXFileReference; lastKnownFileType = sourcecode.swift; path = SwiftfulHapticsExampleTests.swift; sourceTree = "<group>"; };
		02349F5C2BFA65A0003BB2B7 /* SwiftfulHapticsExampleUITests.xctest */ = {isa = PBXFileReference; explicitFileType = wrapper.cfbundle; includeInIndex = 0; path = SwiftfulHapticsExampleUITests.xctest; sourceTree = BUILT_PRODUCTS_DIR; };
		02349F602BFA65A0003BB2B7 /* SwiftfulHapticsExampleUITests.swift */ = {isa = PBXFileReference; lastKnownFileType = sourcecode.swift; path = SwiftfulHapticsExampleUITests.swift; sourceTree = "<group>"; };
		02349F622BFA65A0003BB2B7 /* SwiftfulHapticsExampleUITestsLaunchTests.swift */ = {isa = PBXFileReference; lastKnownFileType = sourcecode.swift; path = SwiftfulHapticsExampleUITestsLaunchTests.swift; sourceTree = "<group>"; };
/* End PBXFileReference section */

/* Begin PBXFrameworksBuildPhase section */
		02349F3E2BFA659F003BB2B7 /* Frameworks */ = {
			isa = PBXFrameworksBuildPhase;
			buildActionMask = 2147483647;
			files = (
				02349F752BFC2C12003BB2B7 /* SwiftfulHaptics in Frameworks */,
			);
			runOnlyForDeploymentPostprocessing = 0;
		};
		02349F4F2BFA65A0003BB2B7 /* Frameworks */ = {
			isa = PBXFrameworksBuildPhase;
			buildActionMask = 2147483647;
			files = (
			);
			runOnlyForDeploymentPostprocessing = 0;
		};
		02349F592BFA65A0003BB2B7 /* Frameworks */ = {
			isa = PBXFrameworksBuildPhase;
			buildActionMask = 2147483647;
			files = (
			);
			runOnlyForDeploymentPostprocessing = 0;
		};
/* End PBXFrameworksBuildPhase section */

/* Begin PBXGroup section */
		02349F382BFA659F003BB2B7 = {
			isa = PBXGroup;
			children = (
				02349F432BFA659F003BB2B7 /* SwiftfulHapticsExample */,
				02349F552BFA65A0003BB2B7 /* SwiftfulHapticsExampleTests */,
				02349F5F2BFA65A0003BB2B7 /* SwiftfulHapticsExampleUITests */,
				02349F422BFA659F003BB2B7 /* Products */,
			);
			sourceTree = "<group>";
		};
		02349F422BFA659F003BB2B7 /* Products */ = {
			isa = PBXGroup;
			children = (
				02349F412BFA659F003BB2B7 /* SwiftfulHapticsExample.app */,
				02349F522BFA65A0003BB2B7 /* SwiftfulHapticsExampleTests.xctest */,
				02349F5C2BFA65A0003BB2B7 /* SwiftfulHapticsExampleUITests.xctest */,
			);
			name = Products;
			sourceTree = "<group>";
		};
		02349F432BFA659F003BB2B7 /* SwiftfulHapticsExample */ = {
			isa = PBXGroup;
			children = (
				02349F442BFA659F003BB2B7 /* SwiftfulHapticsExampleApp.swift */,
				02349F462BFA659F003BB2B7 /* ContentView.swift */,
				02349F482BFA65A0003BB2B7 /* Assets.xcassets */,
				02349F4A2BFA65A0003BB2B7 /* SwiftfulHapticsExample.entitlements */,
				02349F4B2BFA65A0003BB2B7 /* Preview Content */,
			);
			path = SwiftfulHapticsExample;
			sourceTree = "<group>";
		};
		02349F4B2BFA65A0003BB2B7 /* Preview Content */ = {
			isa = PBXGroup;
			children = (
				02349F4C2BFA65A0003BB2B7 /* Preview Assets.xcassets */,
			);
			path = "Preview Content";
			sourceTree = "<group>";
		};
		02349F552BFA65A0003BB2B7 /* SwiftfulHapticsExampleTests */ = {
			isa = PBXGroup;
			children = (
				02349F562BFA65A0003BB2B7 /* SwiftfulHapticsExampleTests.swift */,
			);
			path = SwiftfulHapticsExampleTests;
			sourceTree = "<group>";
		};
		02349F5F2BFA65A0003BB2B7 /* SwiftfulHapticsExampleUITests */ = {
			isa = PBXGroup;
			children = (
				02349F602BFA65A0003BB2B7 /* SwiftfulHapticsExampleUITests.swift */,
				02349F622BFA65A0003BB2B7 /* SwiftfulHapticsExampleUITestsLaunchTests.swift */,
			);
			path = SwiftfulHapticsExampleUITests;
			sourceTree = "<group>";
		};
/* End PBXGroup section */

/* Begin PBXNativeTarget section */
		02349F402BFA659F003BB2B7 /* SwiftfulHapticsExample */ = {
			isa = PBXNativeTarget;
			buildConfigurationList = 02349F662BFA65A0003BB2B7 /* Build configuration list for PBXNativeTarget "SwiftfulHapticsExample" */;
			buildPhases = (
				02349F3D2BFA659F003BB2B7 /* Sources */,
				02349F3E2BFA659F003BB2B7 /* Frameworks */,
				02349F3F2BFA659F003BB2B7 /* Resources */,
			);
			buildRules = (
			);
			dependencies = (
			);
			name = SwiftfulHapticsExample;
			packageProductDependencies = (
				02349F742BFC2C12003BB2B7 /* SwiftfulHaptics */,
			);
			productName = SwiftfulHapticsExample;
			productReference = 02349F412BFA659F003BB2B7 /* SwiftfulHapticsExample.app */;
			productType = "com.apple.product-type.application";
		};
		02349F512BFA65A0003BB2B7 /* SwiftfulHapticsExampleTests */ = {
			isa = PBXNativeTarget;
			buildConfigurationList = 02349F692BFA65A0003BB2B7 /* Build configuration list for PBXNativeTarget "SwiftfulHapticsExampleTests" */;
			buildPhases = (
				02349F4E2BFA65A0003BB2B7 /* Sources */,
				02349F4F2BFA65A0003BB2B7 /* Frameworks */,
				02349F502BFA65A0003BB2B7 /* Resources */,
			);
			buildRules = (
			);
			dependencies = (
				02349F542BFA65A0003BB2B7 /* PBXTargetDependency */,
			);
			name = SwiftfulHapticsExampleTests;
			productName = SwiftfulHapticsExampleTests;
			productReference = 02349F522BFA65A0003BB2B7 /* SwiftfulHapticsExampleTests.xctest */;
			productType = "com.apple.product-type.bundle.unit-test";
		};
		02349F5B2BFA65A0003BB2B7 /* SwiftfulHapticsExampleUITests */ = {
			isa = PBXNativeTarget;
			buildConfigurationList = 02349F6C2BFA65A0003BB2B7 /* Build configuration list for PBXNativeTarget "SwiftfulHapticsExampleUITests" */;
			buildPhases = (
				02349F582BFA65A0003BB2B7 /* Sources */,
				02349F592BFA65A0003BB2B7 /* Frameworks */,
				02349F5A2BFA65A0003BB2B7 /* Resources */,
			);
			buildRules = (
			);
			dependencies = (
				02349F5E2BFA65A0003BB2B7 /* PBXTargetDependency */,
			);
			name = SwiftfulHapticsExampleUITests;
			productName = SwiftfulHapticsExampleUITests;
			productReference = 02349F5C2BFA65A0003BB2B7 /* SwiftfulHapticsExampleUITests.xctest */;
			productType = "com.apple.product-type.bundle.ui-testing";
		};
/* End PBXNativeTarget section */

/* Begin PBXProject section */
		02349F392BFA659F003BB2B7 /* Project object */ = {
			isa = PBXProject;
			attributes = {
				BuildIndependentTargetsInParallel = 1;
				LastSwiftUpdateCheck = 1530;
				LastUpgradeCheck = 1530;
				TargetAttributes = {
					02349F402BFA659F003BB2B7 = {
						CreatedOnToolsVersion = 15.3;
					};
					02349F512BFA65A0003BB2B7 = {
						CreatedOnToolsVersion = 15.3;
						TestTargetID = 02349F402BFA659F003BB2B7;
					};
					02349F5B2BFA65A0003BB2B7 = {
						CreatedOnToolsVersion = 15.3;
						TestTargetID = 02349F402BFA659F003BB2B7;
					};
				};
			};
			buildConfigurationList = 02349F3C2BFA659F003BB2B7 /* Build configuration list for PBXProject "SwiftfulHapticsExample" */;
			compatibilityVersion = "Xcode 14.0";
			developmentRegion = en;
			hasScannedForEncodings = 0;
			knownRegions = (
				en,
				Base,
			);
			mainGroup = 02349F382BFA659F003BB2B7;
			packageReferences = (
				02349F732BFC2C12003BB2B7 /* XCRemoteSwiftPackageReference "SwiftfulHaptics" */,
			);
			productRefGroup = 02349F422BFA659F003BB2B7 /* Products */;
			projectDirPath = "";
			projectRoot = "";
			targets = (
				02349F402BFA659F003BB2B7 /* SwiftfulHapticsExample */,
				02349F512BFA65A0003BB2B7 /* SwiftfulHapticsExampleTests */,
				02349F5B2BFA65A0003BB2B7 /* SwiftfulHapticsExampleUITests */,
			);
		};
/* End PBXProject section */

/* Begin PBXResourcesBuildPhase section */
		02349F3F2BFA659F003BB2B7 /* Resources */ = {
			isa = PBXResourcesBuildPhase;
			buildActionMask = 2147483647;
			files = (
				02349F4D2BFA65A0003BB2B7 /* Preview Assets.xcassets in Resources */,
				02349F492BFA65A0003BB2B7 /* Assets.xcassets in Resources */,
			);
			runOnlyForDeploymentPostprocessing = 0;
		};
		02349F502BFA65A0003BB2B7 /* Resources */ = {
			isa = PBXResourcesBuildPhase;
			buildActionMask = 2147483647;
			files = (
			);
			runOnlyForDeploymentPostprocessing = 0;
		};
		02349F5A2BFA65A0003BB2B7 /* Resources */ = {
			isa = PBXResourcesBuildPhase;
			buildActionMask = 2147483647;
			files = (
			);
			runOnlyForDeploymentPostprocessing = 0;
		};
/* End PBXResourcesBuildPhase section */

/* Begin PBXSourcesBuildPhase section */
		02349F3D2BFA659F003BB2B7 /* Sources */ = {
			isa = PBXSourcesBuildPhase;
			buildActionMask = 2147483647;
			files = (
				02349F472BFA659F003BB2B7 /* ContentView.swift in Sources */,
				02349F452BFA659F003BB2B7 /* SwiftfulHapticsExampleApp.swift in Sources */,
			);
			runOnlyForDeploymentPostprocessing = 0;
		};
		02349F4E2BFA65A0003BB2B7 /* Sources */ = {
			isa = PBXSourcesBuildPhase;
			buildActionMask = 2147483647;
			files = (
				02349F572BFA65A0003BB2B7 /* SwiftfulHapticsExampleTests.swift in Sources */,
			);
			runOnlyForDeploymentPostprocessing = 0;
		};
		02349F582BFA65A0003BB2B7 /* Sources */ = {
			isa = PBXSourcesBuildPhase;
			buildActionMask = 2147483647;
			files = (
				02349F632BFA65A0003BB2B7 /* SwiftfulHapticsExampleUITestsLaunchTests.swift in Sources */,
				02349F612BFA65A0003BB2B7 /* SwiftfulHapticsExampleUITests.swift in Sources */,
			);
			runOnlyForDeploymentPostprocessing = 0;
		};
/* End PBXSourcesBuildPhase section */

/* Begin PBXTargetDependency section */
		02349F542BFA65A0003BB2B7 /* PBXTargetDependency */ = {
			isa = PBXTargetDependency;
			target = 02349F402BFA659F003BB2B7 /* SwiftfulHapticsExample */;
			targetProxy = 02349F532BFA65A0003BB2B7 /* PBXContainerItemProxy */;
		};
		02349F5E2BFA65A0003BB2B7 /* PBXTargetDependency */ = {
			isa = PBXTargetDependency;
			target = 02349F402BFA659F003BB2B7 /* SwiftfulHapticsExample */;
			targetProxy = 02349F5D2BFA65A0003BB2B7 /* PBXContainerItemProxy */;
		};
/* End PBXTargetDependency section */

/* Begin XCBuildConfiguration section */
		02349F642BFA65A0003BB2B7 /* Debug */ = {
			isa = XCBuildConfiguration;
			buildSettings = {
				ALWAYS_SEARCH_USER_PATHS = NO;
				ASSETCATALOG_COMPILER_GENERATE_SWIFT_ASSET_SYMBOL_EXTENSIONS = YES;
				CLANG_ANALYZER_NONNULL = YES;
				CLANG_ANALYZER_NUMBER_OBJECT_CONVERSION = YES_AGGRESSIVE;
				CLANG_CXX_LANGUAGE_STANDARD = "gnu++20";
				CLANG_ENABLE_MODULES = YES;
				CLANG_ENABLE_OBJC_ARC = YES;
				CLANG_ENABLE_OBJC_WEAK = YES;
				CLANG_WARN_BLOCK_CAPTURE_AUTORELEASING = YES;
				CLANG_WARN_BOOL_CONVERSION = YES;
				CLANG_WARN_COMMA = YES;
				CLANG_WARN_CONSTANT_CONVERSION = YES;
				CLANG_WARN_DEPRECATED_OBJC_IMPLEMENTATIONS = YES;
				CLANG_WARN_DIRECT_OBJC_ISA_USAGE = YES_ERROR;
				CLANG_WARN_DOCUMENTATION_COMMENTS = YES;
				CLANG_WARN_EMPTY_BODY = YES;
				CLANG_WARN_ENUM_CONVERSION = YES;
				CLANG_WARN_INFINITE_RECURSION = YES;
				CLANG_WARN_INT_CONVERSION = YES;
				CLANG_WARN_NON_LITERAL_NULL_CONVERSION = YES;
				CLANG_WARN_OBJC_IMPLICIT_RETAIN_SELF = YES;
				CLANG_WARN_OBJC_LITERAL_CONVERSION = YES;
				CLANG_WARN_OBJC_ROOT_CLASS = YES_ERROR;
				CLANG_WARN_QUOTED_INCLUDE_IN_FRAMEWORK_HEADER = YES;
				CLANG_WARN_RANGE_LOOP_ANALYSIS = YES;
				CLANG_WARN_STRICT_PROTOTYPES = YES;
				CLANG_WARN_SUSPICIOUS_MOVE = YES;
				CLANG_WARN_UNGUARDED_AVAILABILITY = YES_AGGRESSIVE;
				CLANG_WARN_UNREACHABLE_CODE = YES;
				CLANG_WARN__DUPLICATE_METHOD_MATCH = YES;
				COPY_PHASE_STRIP = NO;
				DEBUG_INFORMATION_FORMAT = dwarf;
				ENABLE_STRICT_OBJC_MSGSEND = YES;
				ENABLE_TESTABILITY = YES;
				ENABLE_USER_SCRIPT_SANDBOXING = YES;
				GCC_C_LANGUAGE_STANDARD = gnu17;
				GCC_DYNAMIC_NO_PIC = NO;
				GCC_NO_COMMON_BLOCKS = YES;
				GCC_OPTIMIZATION_LEVEL = 0;
				GCC_PREPROCESSOR_DEFINITIONS = (
					"DEBUG=1",
					"$(inherited)",
				);
				GCC_WARN_64_TO_32_BIT_CONVERSION = YES;
				GCC_WARN_ABOUT_RETURN_TYPE = YES_ERROR;
				GCC_WARN_UNDECLARED_SELECTOR = YES;
				GCC_WARN_UNINITIALIZED_AUTOS = YES_AGGRESSIVE;
				GCC_WARN_UNUSED_FUNCTION = YES;
				GCC_WARN_UNUSED_VARIABLE = YES;
				LOCALIZATION_PREFERS_STRING_CATALOGS = YES;
				MTL_ENABLE_DEBUG_INFO = INCLUDE_SOURCE;
				MTL_FAST_MATH = YES;
				ONLY_ACTIVE_ARCH = YES;
				SWIFT_ACTIVE_COMPILATION_CONDITIONS = "DEBUG $(inherited)";
				SWIFT_OPTIMIZATION_LEVEL = "-Onone";
			};
			name = Debug;
		};
		02349F652BFA65A0003BB2B7 /* Release */ = {
			isa = XCBuildConfiguration;
			buildSettings = {
				ALWAYS_SEARCH_USER_PATHS = NO;
				ASSETCATALOG_COMPILER_GENERATE_SWIFT_ASSET_SYMBOL_EXTENSIONS = YES;
				CLANG_ANALYZER_NONNULL = YES;
				CLANG_ANALYZER_NUMBER_OBJECT_CONVERSION = YES_AGGRESSIVE;
				CLANG_CXX_LANGUAGE_STANDARD = "gnu++20";
				CLANG_ENABLE_MODULES = YES;
				CLANG_ENABLE_OBJC_ARC = YES;
				CLANG_ENABLE_OBJC_WEAK = YES;
				CLANG_WARN_BLOCK_CAPTURE_AUTORELEASING = YES;
				CLANG_WARN_BOOL_CONVERSION = YES;
				CLANG_WARN_COMMA = YES;
				CLANG_WARN_CONSTANT_CONVERSION = YES;
				CLANG_WARN_DEPRECATED_OBJC_IMPLEMENTATIONS = YES;
				CLANG_WARN_DIRECT_OBJC_ISA_USAGE = YES_ERROR;
				CLANG_WARN_DOCUMENTATION_COMMENTS = YES;
				CLANG_WARN_EMPTY_BODY = YES;
				CLANG_WARN_ENUM_CONVERSION = YES;
				CLANG_WARN_INFINITE_RECURSION = YES;
				CLANG_WARN_INT_CONVERSION = YES;
				CLANG_WARN_NON_LITERAL_NULL_CONVERSION = YES;
				CLANG_WARN_OBJC_IMPLICIT_RETAIN_SELF = YES;
				CLANG_WARN_OBJC_LITERAL_CONVERSION = YES;
				CLANG_WARN_OBJC_ROOT_CLASS = YES_ERROR;
				CLANG_WARN_QUOTED_INCLUDE_IN_FRAMEWORK_HEADER = YES;
				CLANG_WARN_RANGE_LOOP_ANALYSIS = YES;
				CLANG_WARN_STRICT_PROTOTYPES = YES;
				CLANG_WARN_SUSPICIOUS_MOVE = YES;
				CLANG_WARN_UNGUARDED_AVAILABILITY = YES_AGGRESSIVE;
				CLANG_WARN_UNREACHABLE_CODE = YES;
				CLANG_WARN__DUPLICATE_METHOD_MATCH = YES;
				COPY_PHASE_STRIP = NO;
				DEBUG_INFORMATION_FORMAT = "dwarf-with-dsym";
				ENABLE_NS_ASSERTIONS = NO;
				ENABLE_STRICT_OBJC_MSGSEND = YES;
				ENABLE_USER_SCRIPT_SANDBOXING = YES;
				GCC_C_LANGUAGE_STANDARD = gnu17;
				GCC_NO_COMMON_BLOCKS = YES;
				GCC_WARN_64_TO_32_BIT_CONVERSION = YES;
				GCC_WARN_ABOUT_RETURN_TYPE = YES_ERROR;
				GCC_WARN_UNDECLARED_SELECTOR = YES;
				GCC_WARN_UNINITIALIZED_AUTOS = YES_AGGRESSIVE;
				GCC_WARN_UNUSED_FUNCTION = YES;
				GCC_WARN_UNUSED_VARIABLE = YES;
				LOCALIZATION_PREFERS_STRING_CATALOGS = YES;
				MTL_ENABLE_DEBUG_INFO = NO;
				MTL_FAST_MATH = YES;
				SWIFT_COMPILATION_MODE = wholemodule;
			};
			name = Release;
		};
		02349F672BFA65A0003BB2B7 /* Debug */ = {
			isa = XCBuildConfiguration;
			buildSettings = {
				ASSETCATALOG_COMPILER_APPICON_NAME = AppIcon;
				ASSETCATALOG_COMPILER_GLOBAL_ACCENT_COLOR_NAME = AccentColor;
				CODE_SIGN_ENTITLEMENTS = SwiftfulHapticsExample/SwiftfulHapticsExample.entitlements;
				CODE_SIGN_STYLE = Automatic;
				CURRENT_PROJECT_VERSION = 1;
				DEVELOPMENT_ASSET_PATHS = "\"SwiftfulHapticsExample/Preview Content\"";
				DEVELOPMENT_TEAM = 9JN8RSJMX3;
				ENABLE_HARDENED_RUNTIME = YES;
				ENABLE_PREVIEWS = YES;
				GENERATE_INFOPLIST_FILE = YES;
				"INFOPLIST_KEY_UIApplicationSceneManifest_Generation[sdk=iphoneos*]" = YES;
				"INFOPLIST_KEY_UIApplicationSceneManifest_Generation[sdk=iphonesimulator*]" = YES;
				"INFOPLIST_KEY_UIApplicationSupportsIndirectInputEvents[sdk=iphoneos*]" = YES;
				"INFOPLIST_KEY_UIApplicationSupportsIndirectInputEvents[sdk=iphonesimulator*]" = YES;
				"INFOPLIST_KEY_UILaunchScreen_Generation[sdk=iphoneos*]" = YES;
				"INFOPLIST_KEY_UILaunchScreen_Generation[sdk=iphonesimulator*]" = YES;
				"INFOPLIST_KEY_UIStatusBarStyle[sdk=iphoneos*]" = UIStatusBarStyleDefault;
				"INFOPLIST_KEY_UIStatusBarStyle[sdk=iphonesimulator*]" = UIStatusBarStyleDefault;
				INFOPLIST_KEY_UISupportedInterfaceOrientations_iPad = "UIInterfaceOrientationPortrait UIInterfaceOrientationPortraitUpsideDown UIInterfaceOrientationLandscapeLeft UIInterfaceOrientationLandscapeRight";
				INFOPLIST_KEY_UISupportedInterfaceOrientations_iPhone = "UIInterfaceOrientationPortrait UIInterfaceOrientationLandscapeLeft UIInterfaceOrientationLandscapeRight";
				IPHONEOS_DEPLOYMENT_TARGET = 17.4;
				LD_RUNPATH_SEARCH_PATHS = "@executable_path/Frameworks";
				"LD_RUNPATH_SEARCH_PATHS[sdk=macosx*]" = "@executable_path/../Frameworks";
				MACOSX_DEPLOYMENT_TARGET = 14.3;
				MARKETING_VERSION = 1.0;
				PRODUCT_BUNDLE_IDENTIFIER = swiftfulthinking.SwiftfulHapticsExample;
				PRODUCT_NAME = "$(TARGET_NAME)";
				SDKROOT = auto;
				SUPPORTED_PLATFORMS = "iphoneos iphonesimulator macosx";
				SWIFT_EMIT_LOC_STRINGS = YES;
				SWIFT_STRICT_CONCURRENCY = complete;
				SWIFT_VERSION = 5.0;
				TARGETED_DEVICE_FAMILY = "1,2";
			};
			name = Debug;
		};
		02349F682BFA65A0003BB2B7 /* Release */ = {
			isa = XCBuildConfiguration;
			buildSettings = {
				ASSETCATALOG_COMPILER_APPICON_NAME = AppIcon;
				ASSETCATALOG_COMPILER_GLOBAL_ACCENT_COLOR_NAME = AccentColor;
				CODE_SIGN_ENTITLEMENTS = SwiftfulHapticsExample/SwiftfulHapticsExample.entitlements;
				CODE_SIGN_STYLE = Automatic;
				CURRENT_PROJECT_VERSION = 1;
				DEVELOPMENT_ASSET_PATHS = "\"SwiftfulHapticsExample/Preview Content\"";
				DEVELOPMENT_TEAM = 9JN8RSJMX3;
				ENABLE_HARDENED_RUNTIME = YES;
				ENABLE_PREVIEWS = YES;
				GENERATE_INFOPLIST_FILE = YES;
				"INFOPLIST_KEY_UIApplicationSceneManifest_Generation[sdk=iphoneos*]" = YES;
				"INFOPLIST_KEY_UIApplicationSceneManifest_Generation[sdk=iphonesimulator*]" = YES;
				"INFOPLIST_KEY_UIApplicationSupportsIndirectInputEvents[sdk=iphoneos*]" = YES;
				"INFOPLIST_KEY_UIApplicationSupportsIndirectInputEvents[sdk=iphonesimulator*]" = YES;
				"INFOPLIST_KEY_UILaunchScreen_Generation[sdk=iphoneos*]" = YES;
				"INFOPLIST_KEY_UILaunchScreen_Generation[sdk=iphonesimulator*]" = YES;
				"INFOPLIST_KEY_UIStatusBarStyle[sdk=iphoneos*]" = UIStatusBarStyleDefault;
				"INFOPLIST_KEY_UIStatusBarStyle[sdk=iphonesimulator*]" = UIStatusBarStyleDefault;
				INFOPLIST_KEY_UISupportedInterfaceOrientations_iPad = "UIInterfaceOrientationPortrait UIInterfaceOrientationPortraitUpsideDown UIInterfaceOrientationLandscapeLeft UIInterfaceOrientationLandscapeRight";
				INFOPLIST_KEY_UISupportedInterfaceOrientations_iPhone = "UIInterfaceOrientationPortrait UIInterfaceOrientationLandscapeLeft UIInterfaceOrientationLandscapeRight";
				IPHONEOS_DEPLOYMENT_TARGET = 17.4;
				LD_RUNPATH_SEARCH_PATHS = "@executable_path/Frameworks";
				"LD_RUNPATH_SEARCH_PATHS[sdk=macosx*]" = "@executable_path/../Frameworks";
				MACOSX_DEPLOYMENT_TARGET = 14.3;
				MARKETING_VERSION = 1.0;
				PRODUCT_BUNDLE_IDENTIFIER = swiftfulthinking.SwiftfulHapticsExample;
				PRODUCT_NAME = "$(TARGET_NAME)";
				SDKROOT = auto;
				SUPPORTED_PLATFORMS = "iphoneos iphonesimulator macosx";
				SWIFT_EMIT_LOC_STRINGS = YES;
				SWIFT_STRICT_CONCURRENCY = complete;
				SWIFT_VERSION = 5.0;
				TARGETED_DEVICE_FAMILY = "1,2";
			};
			name = Release;
		};
		02349F6A2BFA65A0003BB2B7 /* Debug */ = {
			isa = XCBuildConfiguration;
			buildSettings = {
				ALWAYS_EMBED_SWIFT_STANDARD_LIBRARIES = YES;
				BUNDLE_LOADER = "$(TEST_HOST)";
				CODE_SIGN_STYLE = Automatic;
				CURRENT_PROJECT_VERSION = 1;
				DEVELOPMENT_TEAM = 9JN8RSJMX3;
				GENERATE_INFOPLIST_FILE = YES;
				IPHONEOS_DEPLOYMENT_TARGET = 17.4;
				MACOSX_DEPLOYMENT_TARGET = 14.3;
				MARKETING_VERSION = 1.0;
				PRODUCT_BUNDLE_IDENTIFIER = swiftfulthinking.SwiftfulHapticsExampleTests;
				PRODUCT_NAME = "$(TARGET_NAME)";
				SDKROOT = auto;
				SUPPORTED_PLATFORMS = "iphoneos iphonesimulator macosx";
				SWIFT_EMIT_LOC_STRINGS = NO;
				SWIFT_VERSION = 5.0;
				TARGETED_DEVICE_FAMILY = "1,2";
				TEST_HOST = "$(BUILT_PRODUCTS_DIR)/SwiftfulHapticsExample.app/$(BUNDLE_EXECUTABLE_FOLDER_PATH)/SwiftfulHapticsExample";
			};
			name = Debug;
		};
		02349F6B2BFA65A0003BB2B7 /* Release */ = {
			isa = XCBuildConfiguration;
			buildSettings = {
				ALWAYS_EMBED_SWIFT_STANDARD_LIBRARIES = YES;
				BUNDLE_LOADER = "$(TEST_HOST)";
				CODE_SIGN_STYLE = Automatic;
				CURRENT_PROJECT_VERSION = 1;
				DEVELOPMENT_TEAM = 9JN8RSJMX3;
				GENERATE_INFOPLIST_FILE = YES;
				IPHONEOS_DEPLOYMENT_TARGET = 17.4;
				MACOSX_DEPLOYMENT_TARGET = 14.3;
				MARKETING_VERSION = 1.0;
				PRODUCT_BUNDLE_IDENTIFIER = swiftfulthinking.SwiftfulHapticsExampleTests;
				PRODUCT_NAME = "$(TARGET_NAME)";
				SDKROOT = auto;
				SUPPORTED_PLATFORMS = "iphoneos iphonesimulator macosx";
				SWIFT_EMIT_LOC_STRINGS = NO;
				SWIFT_VERSION = 5.0;
				TARGETED_DEVICE_FAMILY = "1,2";
				TEST_HOST = "$(BUILT_PRODUCTS_DIR)/SwiftfulHapticsExample.app/$(BUNDLE_EXECUTABLE_FOLDER_PATH)/SwiftfulHapticsExample";
			};
			name = Release;
		};
		02349F6D2BFA65A0003BB2B7 /* Debug */ = {
			isa = XCBuildConfiguration;
			buildSettings = {
				ALWAYS_EMBED_SWIFT_STANDARD_LIBRARIES = YES;
				CODE_SIGN_STYLE = Automatic;
				CURRENT_PROJECT_VERSION = 1;
				DEVELOPMENT_TEAM = 9JN8RSJMX3;
				GENERATE_INFOPLIST_FILE = YES;
				IPHONEOS_DEPLOYMENT_TARGET = 17.4;
				MACOSX_DEPLOYMENT_TARGET = 14.3;
				MARKETING_VERSION = 1.0;
				PRODUCT_BUNDLE_IDENTIFIER = swiftfulthinking.SwiftfulHapticsExampleUITests;
				PRODUCT_NAME = "$(TARGET_NAME)";
				SDKROOT = auto;
				SUPPORTED_PLATFORMS = "iphoneos iphonesimulator macosx";
				SWIFT_EMIT_LOC_STRINGS = NO;
				SWIFT_VERSION = 5.0;
				TARGETED_DEVICE_FAMILY = "1,2";
				TEST_TARGET_NAME = SwiftfulHapticsExample;
			};
			name = Debug;
		};
		02349F6E2BFA65A0003BB2B7 /* Release */ = {
			isa = XCBuildConfiguration;
			buildSettings = {
				ALWAYS_EMBED_SWIFT_STANDARD_LIBRARIES = YES;
				CODE_SIGN_STYLE = Automatic;
				CURRENT_PROJECT_VERSION = 1;
				DEVELOPMENT_TEAM = 9JN8RSJMX3;
				GENERATE_INFOPLIST_FILE = YES;
				IPHONEOS_DEPLOYMENT_TARGET = 17.4;
				MACOSX_DEPLOYMENT_TARGET = 14.3;
				MARKETING_VERSION = 1.0;
				PRODUCT_BUNDLE_IDENTIFIER = swiftfulthinking.SwiftfulHapticsExampleUITests;
				PRODUCT_NAME = "$(TARGET_NAME)";
				SDKROOT = auto;
				SUPPORTED_PLATFORMS = "iphoneos iphonesimulator macosx";
				SWIFT_EMIT_LOC_STRINGS = NO;
				SWIFT_VERSION = 5.0;
				TARGETED_DEVICE_FAMILY = "1,2";
				TEST_TARGET_NAME = SwiftfulHapticsExample;
			};
			name = Release;
		};
/* End XCBuildConfiguration section */

/* Begin XCConfigurationList section */
		02349F3C2BFA659F003BB2B7 /* Build configuration list for PBXProject "SwiftfulHapticsExample" */ = {
			isa = XCConfigurationList;
			buildConfigurations = (
				02349F642BFA65A0003BB2B7 /* Debug */,
				02349F652BFA65A0003BB2B7 /* Release */,
			);
			defaultConfigurationIsVisible = 0;
			defaultConfigurationName = Release;
		};
		02349F662BFA65A0003BB2B7 /* Build configuration list for PBXNativeTarget "SwiftfulHapticsExample" */ = {
			isa = XCConfigurationList;
			buildConfigurations = (
				02349F672BFA65A0003BB2B7 /* Debug */,
				02349F682BFA65A0003BB2B7 /* Release */,
			);
			defaultConfigurationIsVisible = 0;
			defaultConfigurationName = Release;
		};
		02349F692BFA65A0003BB2B7 /* Build configuration list for PBXNativeTarget "SwiftfulHapticsExampleTests" */ = {
			isa = XCConfigurationList;
			buildConfigurations = (
				02349F6A2BFA65A0003BB2B7 /* Debug */,
				02349F6B2BFA65A0003BB2B7 /* Release */,
			);
			defaultConfigurationIsVisible = 0;
			defaultConfigurationName = Release;
		};
		02349F6C2BFA65A0003BB2B7 /* Build configuration list for PBXNativeTarget "SwiftfulHapticsExampleUITests" */ = {
			isa = XCConfigurationList;
			buildConfigurations = (
				02349F6D2BFA65A0003BB2B7 /* Debug */,
				02349F6E2BFA65A0003BB2B7 /* Release */,
			);
			defaultConfigurationIsVisible = 0;
			defaultConfigurationName = Release;
		};
/* End XCConfigurationList section */

/* Begin XCRemoteSwiftPackageReference section */
		02349F732BFC2C12003BB2B7 /* XCRemoteSwiftPackageReference "SwiftfulHaptics" */ = {
			isa = XCRemoteSwiftPackageReference;
			repositoryURL = "https://github.com/SwiftfulThinking/SwiftfulHaptics.git";
			requirement = {
				branch = main;
				kind = branch;
			};
		};
/* End XCRemoteSwiftPackageReference section */

/* Begin XCSwiftPackageProductDependency section */
		02349F742BFC2C12003BB2B7 /* SwiftfulHaptics */ = {
			isa = XCSwiftPackageProductDependency;
			package = 02349F732BFC2C12003BB2B7 /* XCRemoteSwiftPackageReference "SwiftfulHaptics" */;
			productName = SwiftfulHaptics;
		};
/* End XCSwiftPackageProductDependency section */
	};
	rootObject = 02349F392BFA659F003BB2B7 /* Project object */;
}
